{
  "name": "finalprojectthirdtry",
  "lockfileVersion": 3,
  "requires": true,
  "packages": {
    "": {
      "dependencies": {
        "asp.net": "^1.1.1"
      }
    },
    "node_modules/asp.net": {
      "version": "1.1.1",
      "resolved": "https://registry.npmjs.org/asp.net/-/asp.net-1.1.1.tgz",
      "integrity": "sha512-ErrDNxyzKEQOp+ovZPiQldfgzqz2cTASdAIzXZfji8o0SFsGBTctYB2hOppUVR/uCVahxyjIHCrg6jcTJSSldA=="
    }
  }
}
